
Microsoft Visual Studio Solution File, Format Version 12.00
# Visual Studio Version 16
VisualStudioVersion = 16.0.30621.155
MinimumVisualStudioVersion = 10.0.40219.1
Project("{FAE04EC0-301F-11D3-BF4B-00C04F79EFBC}") = "Pager", "Pager\Pager.csproj", "{26772335-3029-4653-8512-7DC60595E409}"
EndProject
Global
	GlobalSection(SolutionConfigurationPlatforms) = preSolution
		Debug|Any CPU = Debug|Any CPU
		Release|Any CPU = Release|Any CPU
	EndGlobalSection
	GlobalSection(ProjectConfigurationPlatforms) = postSolution
		{26772335-3029-4653-8512-7DC60595E409}.Debug|Any CPU.ActiveCfg = Debug|Any CPU
		{26772335-3029-4653-8512-7DC60595E409}.Debug|Any CPU.Build.0 = Debug|Any CPU
		{26772335-3029-4653-8512-7DC60595E409}.Release|Any CPU.ActiveCfg = Release|Any CPU
		{26772335-3029-4653-8512-7DC60595E409}.Release|Any CPU.Build.0 = Release|Any CPU
	EndGlobalSection
	GlobalSection(SolutionProperties) = preSolution
		HideSolutionNode = FALSE
	EndGlobalSection
	GlobalSection(ExtensibilityGlobals) = postSolution
		SolutionGuid = {0FF3923C-7352-4A1D-8306-AB7C7084D530}
	EndGlobalSection
EndGlobal
